Microsoft Visual Studio Solution File, Format Version 11.00
# Visual Studio 2008

Project("{2F693834-5D0A-726C-53F5-0F5840C803B6}") = "Cat-Mouse", "Assembly-CSharp-firstpass.csproj", "{AFDABA21-C3DA-30CA-9C67-0606426251FE}"
EndProject
Project("{2F693834-5D0A-726C-53F5-0F5840C803B6}") = "Cat-Mouse", "Assembly-CSharp.csproj", "{37EE9EFF-2961-1BD6-47C3-18E03349BCAA}"
EndProject
Project("{2F693834-5D0A-726C-53F5-0F5840C803B6}") = "Cat-Mouse", "Assembly-CSharp-Editor.csproj", "{8F347595-BF8D-9962-E09D-1053119549CB}"
EndProject
Global
	GlobalSection(SolutionConfigurationPlatforms) = preSolution
		Debug|Any CPU = Debug|Any CPU
		Release|Any CPU = Release|Any CPU
	EndGlobalSection
	GlobalSection(ProjectConfigurationPlatforms) = postSolution
		{AFDABA21-C3DA-30CA-9C67-0606426251FE}.Debug|Any CPU.ActiveCfg = Debug|Any CPU
		{AFDABA21-C3DA-30CA-9C67-0606426251FE}.Debug|Any CPU.Build.0 = Debug|Any CPU
		{AFDABA21-C3DA-30CA-9C67-0606426251FE}.Release|Any CPU.ActiveCfg = Release|Any CPU
		{AFDABA21-C3DA-30CA-9C67-0606426251FE}.Release|Any CPU.Build.0 = Release|Any CPU
		{37EE9EFF-2961-1BD6-47C3-18E03349BCAA}.Debug|Any CPU.ActiveCfg = Debug|Any CPU
		{37EE9EFF-2961-1BD6-47C3-18E03349BCAA}.Debug|Any CPU.Build.0 = Debug|Any CPU
		{37EE9EFF-2961-1BD6-47C3-18E03349BCAA}.Release|Any CPU.ActiveCfg = Release|Any CPU
		{37EE9EFF-2961-1BD6-47C3-18E03349BCAA}.Release|Any CPU.Build.0 = Release|Any CPU
		{8F347595-BF8D-9962-E09D-1053119549CB}.Debug|Any CPU.ActiveCfg = Debug|Any CPU
		{8F347595-BF8D-9962-E09D-1053119549CB}.Debug|Any CPU.Build.0 = Debug|Any CPU
		{8F347595-BF8D-9962-E09D-1053119549CB}.Release|Any CPU.ActiveCfg = Release|Any CPU
		{8F347595-BF8D-9962-E09D-1053119549CB}.Release|Any CPU.Build.0 = Release|Any CPU
	EndGlobalSection
	GlobalSection(SolutionProperties) = preSolution
		HideSolutionNode = FALSE
	EndGlobalSection
	GlobalSection(MonoDevelopProperties) = preSolution
		StartupItem = Assembly-CSharp.csproj
	EndGlobalSection
EndGlobal
