
Microsoft Visual Studio Solution File, Format Version 12.00
# Visual Studio 2015
Project("{FAE04EC0-301F-11D3-BF4B-00C04F79EFBC}") = "Cat-Mouse.CSharp.Plugins", "Cat-Mouse.CSharp.Plugins.csproj", "{22A12A36-6C1E-8F44-7505-37802F585BC0}"
EndProject
Project("{FAE04EC0-301F-11D3-BF4B-00C04F79EFBC}") = "Cat-Mouse.CSharp", "Cat-Mouse.CSharp.csproj", "{232E75C8-AE13-4239-F07E-E31B03507963}"
EndProject
Project("{FAE04EC0-301F-11D3-BF4B-00C04F79EFBC}") = "Cat-Mouse.CSharp.Editor", "Cat-Mouse.CSharp.Editor.csproj", "{28F8F637-5005-52B8-0D69-CD11598F800E}"
EndProject
Global
	GlobalSection(SolutionConfigurationPlatforms) = preSolution
		Debug|Any CPU = Debug|Any CPU
		Release|Any CPU = Release|Any CPU
	EndGlobalSection
	GlobalSection(ProjectConfigurationPlatforms) = postSolution
		{22A12A36-6C1E-8F44-7505-37802F585BC0}.Debug|Any CPU.ActiveCfg = Debug|Any CPU
		{22A12A36-6C1E-8F44-7505-37802F585BC0}.Debug|Any CPU.Build.0 = Debug|Any CPU
		{22A12A36-6C1E-8F44-7505-37802F585BC0}.Release|Any CPU.ActiveCfg = Release|Any CPU
		{22A12A36-6C1E-8F44-7505-37802F585BC0}.Release|Any CPU.Build.0 = Release|Any CPU
		{232E75C8-AE13-4239-F07E-E31B03507963}.Debug|Any CPU.ActiveCfg = Debug|Any CPU
		{232E75C8-AE13-4239-F07E-E31B03507963}.Debug|Any CPU.Build.0 = Debug|Any CPU
		{232E75C8-AE13-4239-F07E-E31B03507963}.Release|Any CPU.ActiveCfg = Release|Any CPU
		{232E75C8-AE13-4239-F07E-E31B03507963}.Release|Any CPU.Build.0 = Release|Any CPU
		{28F8F637-5005-52B8-0D69-CD11598F800E}.Debug|Any CPU.ActiveCfg = Debug|Any CPU
		{28F8F637-5005-52B8-0D69-CD11598F800E}.Debug|Any CPU.Build.0 = Debug|Any CPU
		{28F8F637-5005-52B8-0D69-CD11598F800E}.Release|Any CPU.ActiveCfg = Release|Any CPU
		{28F8F637-5005-52B8-0D69-CD11598F800E}.Release|Any CPU.Build.0 = Release|Any CPU
	EndGlobalSection
	GlobalSection(SolutionProperties) = preSolution
		HideSolutionNode = FALSE
	EndGlobalSection
EndGlobal
